
Microsoft Visual Studio Solution File, Format Version 12.00
# Visual Studio Version 17
VisualStudioVersion = 17.4.33110.190
MinimumVisualStudioVersion = 10.0.40219.1
Project("{9A19103F-16F7-4668-BE54-9A1E7A4F7556}") = "Starter", "Starter\Starter.csproj", "{0CC503A8-D419-4B32-97BF-EE91785C3F2D}"
EndProject
Project("{9A19103F-16F7-4668-BE54-9A1E7A4F7556}") = "Day1Part1", "Day1Part1\Day1Part1.csproj", "{27E173B8-E0D2-4BBE-8764-FFE995172F4B}"
EndProject
Project("{9A19103F-16F7-4668-BE54-9A1E7A4F7556}") = "Day1Part2", "Day1Part2\Day1Part2.csproj", "{3C54C480-DDC2-4F94-B6A1-2806034BA5E3}"
EndProject
Project("{9A19103F-16F7-4668-BE54-9A1E7A4F7556}") = "Day2Part1", "Day2Part1\Day2Part1.csproj", "{DA80FC7B-8C5E-44BD-8F53-E306092221FE}"
EndProject
Project("{9A19103F-16F7-4668-BE54-9A1E7A4F7556}") = "Day2Part2", "Day2Part2\Day2Part2.csproj", "{379AFEBF-91D0-4509-A933-DD6141ABAF8E}"
EndProject
Project("{9A19103F-16F7-4668-BE54-9A1E7A4F7556}") = "Day3Part2", "Day3Part2\Day3Part2.csproj", "{960B7239-A3C9-4F56-8883-B5AFBEA07F08}"
EndProject
Project("{9A19103F-16F7-4668-BE54-9A1E7A4F7556}") = "Day3Part1", "Day3Part1\Day3Part1.csproj", "{927F2D32-DA94-4F14-9BF9-676F1AD3259D}"
EndProject
Project("{9A19103F-16F7-4668-BE54-9A1E7A4F7556}") = "Day4Part1", "Day4Part1\Day4Part1.csproj", "{33360017-A097-4D75-90BC-59B30CB60FCD}"
EndProject
Project("{9A19103F-16F7-4668-BE54-9A1E7A4F7556}") = "Day4Part2", "Day4Part2\Day4Part2.csproj", "{5D6156BF-8A96-462A-9BF6-9DC1E9AF6546}"
EndProject
Project("{9A19103F-16F7-4668-BE54-9A1E7A4F7556}") = "Day5Part1", "Day5Part1\Day5Part1.csproj", "{3E957976-E1BF-4C2A-B675-851D6B879B75}"
EndProject
Project("{9A19103F-16F7-4668-BE54-9A1E7A4F7556}") = "Day5Part2", "Day5Part2\Day5Part2.csproj", "{A12E3AE2-0A58-41CE-AE06-E1580D333B81}"
EndProject
Global
	GlobalSection(SolutionConfigurationPlatforms) = preSolution
		Debug|Any CPU = Debug|Any CPU
		Release|Any CPU = Release|Any CPU
	EndGlobalSection
	GlobalSection(ProjectConfigurationPlatforms) = postSolution
		{0CC503A8-D419-4B32-97BF-EE91785C3F2D}.Debug|Any CPU.ActiveCfg = Debug|Any CPU
		{0CC503A8-D419-4B32-97BF-EE91785C3F2D}.Debug|Any CPU.Build.0 = Debug|Any CPU
		{0CC503A8-D419-4B32-97BF-EE91785C3F2D}.Release|Any CPU.ActiveCfg = Release|Any CPU
		{0CC503A8-D419-4B32-97BF-EE91785C3F2D}.Release|Any CPU.Build.0 = Release|Any CPU
		{27E173B8-E0D2-4BBE-8764-FFE995172F4B}.Debug|Any CPU.ActiveCfg = Debug|Any CPU
		{27E173B8-E0D2-4BBE-8764-FFE995172F4B}.Debug|Any CPU.Build.0 = Debug|Any CPU
		{27E173B8-E0D2-4BBE-8764-FFE995172F4B}.Release|Any CPU.ActiveCfg = Release|Any CPU
		{27E173B8-E0D2-4BBE-8764-FFE995172F4B}.Release|Any CPU.Build.0 = Release|Any CPU
		{3C54C480-DDC2-4F94-B6A1-2806034BA5E3}.Debug|Any CPU.ActiveCfg = Debug|Any CPU
		{3C54C480-DDC2-4F94-B6A1-2806034BA5E3}.Debug|Any CPU.Build.0 = Debug|Any CPU
		{3C54C480-DDC2-4F94-B6A1-2806034BA5E3}.Release|Any CPU.ActiveCfg = Release|Any CPU
		{3C54C480-DDC2-4F94-B6A1-2806034BA5E3}.Release|Any CPU.Build.0 = Release|Any CPU
		{DA80FC7B-8C5E-44BD-8F53-E306092221FE}.Debug|Any CPU.ActiveCfg = Debug|Any CPU
		{DA80FC7B-8C5E-44BD-8F53-E306092221FE}.Debug|Any CPU.Build.0 = Debug|Any CPU
		{DA80FC7B-8C5E-44BD-8F53-E306092221FE}.Release|Any CPU.ActiveCfg = Release|Any CPU
		{DA80FC7B-8C5E-44BD-8F53-E306092221FE}.Release|Any CPU.Build.0 = Release|Any CPU
		{379AFEBF-91D0-4509-A933-DD6141ABAF8E}.Debug|Any CPU.ActiveCfg = Debug|Any CPU
		{379AFEBF-91D0-4509-A933-DD6141ABAF8E}.Debug|Any CPU.Build.0 = Debug|Any CPU
		{379AFEBF-91D0-4509-A933-DD6141ABAF8E}.Release|Any CPU.ActiveCfg = Release|Any CPU
		{379AFEBF-91D0-4509-A933-DD6141ABAF8E}.Release|Any CPU.Build.0 = Release|Any CPU
		{960B7239-A3C9-4F56-8883-B5AFBEA07F08}.Debug|Any CPU.ActiveCfg = Debug|Any CPU
		{960B7239-A3C9-4F56-8883-B5AFBEA07F08}.Debug|Any CPU.Build.0 = Debug|Any CPU
		{960B7239-A3C9-4F56-8883-B5AFBEA07F08}.Release|Any CPU.ActiveCfg = Release|Any CPU
		{960B7239-A3C9-4F56-8883-B5AFBEA07F08}.Release|Any CPU.Build.0 = Release|Any CPU
		{927F2D32-DA94-4F14-9BF9-676F1AD3259D}.Debug|Any CPU.ActiveCfg = Debug|Any CPU
		{927F2D32-DA94-4F14-9BF9-676F1AD3259D}.Debug|Any CPU.Build.0 = Debug|Any CPU
		{927F2D32-DA94-4F14-9BF9-676F1AD3259D}.Release|Any CPU.ActiveCfg = Release|Any CPU
		{927F2D32-DA94-4F14-9BF9-676F1AD3259D}.Release|Any CPU.Build.0 = Release|Any CPU
		{33360017-A097-4D75-90BC-59B30CB60FCD}.Debug|Any CPU.ActiveCfg = Debug|Any CPU
		{33360017-A097-4D75-90BC-59B30CB60FCD}.Debug|Any CPU.Build.0 = Debug|Any CPU
		{33360017-A097-4D75-90BC-59B30CB60FCD}.Release|Any CPU.ActiveCfg = Release|Any CPU
		{33360017-A097-4D75-90BC-59B30CB60FCD}.Release|Any CPU.Build.0 = Release|Any CPU
		{5D6156BF-8A96-462A-9BF6-9DC1E9AF6546}.Debug|Any CPU.ActiveCfg = Debug|Any CPU
		{5D6156BF-8A96-462A-9BF6-9DC1E9AF6546}.Debug|Any CPU.Build.0 = Debug|Any CPU
		{5D6156BF-8A96-462A-9BF6-9DC1E9AF6546}.Release|Any CPU.ActiveCfg = Release|Any CPU
		{5D6156BF-8A96-462A-9BF6-9DC1E9AF6546}.Release|Any CPU.Build.0 = Release|Any CPU
		{3E957976-E1BF-4C2A-B675-851D6B879B75}.Debug|Any CPU.ActiveCfg = Debug|Any CPU
		{3E957976-E1BF-4C2A-B675-851D6B879B75}.Debug|Any CPU.Build.0 = Debug|Any CPU
		{3E957976-E1BF-4C2A-B675-851D6B879B75}.Release|Any CPU.ActiveCfg = Release|Any CPU
		{3E957976-E1BF-4C2A-B675-851D6B879B75}.Release|Any CPU.Build.0 = Release|Any CPU
		{A12E3AE2-0A58-41CE-AE06-E1580D333B81}.Debug|Any CPU.ActiveCfg = Debug|Any CPU
		{A12E3AE2-0A58-41CE-AE06-E1580D333B81}.Debug|Any CPU.Build.0 = Debug|Any CPU
		{A12E3AE2-0A58-41CE-AE06-E1580D333B81}.Release|Any CPU.ActiveCfg = Release|Any CPU
		{A12E3AE2-0A58-41CE-AE06-E1580D333B81}.Release|Any CPU.Build.0 = Release|Any CPU
	EndGlobalSection
	GlobalSection(SolutionProperties) = preSolution
		HideSolutionNode = FALSE
	EndGlobalSection
	GlobalSection(ExtensibilityGlobals) = postSolution
		SolutionGuid = {32D42B72-3BD7-4A81-B646-1A1FB990F2FB}
	EndGlobalSection
EndGlobal
